
Microsoft Visual Studio Solution File, Format Version 12.00
# Visual Studio Version 16
VisualStudioVersion = 16.0.32407.337
MinimumVisualStudioVersion = 10.0.40219.1
Project("{8BC9CEB8-8B4A-11D0-8D11-00A0C91BC942}") = "BreakRSA", "BreakRSA.vcxproj", "{89CB230A-49D4-40D1-BC19-7A2B1EA3DF72}"
EndProject
Global
	GlobalSection(SolutionConfigurationPlatforms) = preSolution
		Debug|x64 = Debug|x64
		Debug|x86 = Debug|x86
		Release|x64 = Release|x64
		Release|x86 = Release|x86
	EndGlobalSection
	GlobalSection(ProjectConfigurationPlatforms) = postSolution
		{89CB230A-49D4-40D1-BC19-7A2B1EA3DF72}.Debug|x64.ActiveCfg = Debug|x64
		{89CB230A-49D4-40D1-BC19-7A2B1EA3DF72}.Debug|x64.Build.0 = Debug|x64
		{89CB230A-49D4-40D1-BC19-7A2B1EA3DF72}.Debug|x86.ActiveCfg = Debug|Win32
		{89CB230A-49D4-40D1-BC19-7A2B1EA3DF72}.Debug|x86.Build.0 = Debug|Win32
		{89CB230A-49D4-40D1-BC19-7A2B1EA3DF72}.Release|x64.ActiveCfg = Release|x64
		{89CB230A-49D4-40D1-BC19-7A2B1EA3DF72}.Release|x64.Build.0 = Release|x64
		{89CB230A-49D4-40D1-BC19-7A2B1EA3DF72}.Release|x86.ActiveCfg = Release|Win32
		{89CB230A-49D4-40D1-BC19-7A2B1EA3DF72}.Release|x86.Build.0 = Release|Win32
	EndGlobalSection
	GlobalSection(SolutionProperties) = preSolution
		HideSolutionNode = FALSE
	EndGlobalSection
	GlobalSection(ExtensibilityGlobals) = postSolution
		SolutionGuid = {E21BDE44-5F79-4A99-AE37-E1369E36451B}
	EndGlobalSection
EndGlobal
