
Microsoft Visual Studio Solution File, Format Version 12.00
# Visual Studio Version 16
VisualStudioVersion = 16.0.33920.266
MinimumVisualStudioVersion = 10.0.40219.1
Project("{8BC9CEB8-8B4A-11D0-8D11-00A0C91BC942}") = "DFParameter", "DFParameter.vcxproj", "{539BE78A-C092-4C7A-A38D-AEF9D362345D}"
EndProject
Global
	GlobalSection(SolutionConfigurationPlatforms) = preSolution
		Debug|x64 = Debug|x64
		Debug|x86 = Debug|x86
		Release|x64 = Release|x64
		Release|x86 = Release|x86
	EndGlobalSection
	GlobalSection(ProjectConfigurationPlatforms) = postSolution
		{539BE78A-C092-4C7A-A38D-AEF9D362345D}.Debug|x64.ActiveCfg = Debug|x64
		{539BE78A-C092-4C7A-A38D-AEF9D362345D}.Debug|x64.Build.0 = Debug|x64
		{539BE78A-C092-4C7A-A38D-AEF9D362345D}.Debug|x86.ActiveCfg = Debug|Win32
		{539BE78A-C092-4C7A-A38D-AEF9D362345D}.Debug|x86.Build.0 = Debug|Win32
		{539BE78A-C092-4C7A-A38D-AEF9D362345D}.Release|x64.ActiveCfg = Release|x64
		{539BE78A-C092-4C7A-A38D-AEF9D362345D}.Release|x64.Build.0 = Release|x64
		{539BE78A-C092-4C7A-A38D-AEF9D362345D}.Release|x86.ActiveCfg = Release|Win32
		{539BE78A-C092-4C7A-A38D-AEF9D362345D}.Release|x86.Build.0 = Release|Win32
	EndGlobalSection
	GlobalSection(SolutionProperties) = preSolution
		HideSolutionNode = FALSE
	EndGlobalSection
	GlobalSection(ExtensibilityGlobals) = postSolution
		SolutionGuid = {D06F1406-C5D1-4013-9EFB-CD148C59A83B}
	EndGlobalSection
EndGlobal
