
Microsoft Visual Studio Solution File, Format Version 12.00
# Visual Studio Version 16
VisualStudioVersion = 16.0.33920.266
MinimumVisualStudioVersion = 10.0.40219.1
Project("{8BC9CEB8-8B4A-11D0-8D11-00A0C91BC942}") = "DLLLoader", "DLLLoader\DLLLoader.vcxproj", "{CC703651-8D31-40AD-B076-5BB5268D60BE}"
EndProject
Project("{8BC9CEB8-8B4A-11D0-8D11-00A0C91BC942}") = "TargetProcess", "TargetProcess\TargetProcess.vcxproj", "{E183A09E-9390-4D9E-A5BC-E0BFF9A22A8A}"
EndProject
Project("{8BC9CEB8-8B4A-11D0-8D11-00A0C91BC942}") = "VirusDLL", "VirusDLL\VirusDLL.vcxproj", "{A8570D2B-EEB0-4ECC-945A-64F4CDAD58EB}"
EndProject
Project("{8BC9CEB8-8B4A-11D0-8D11-00A0C91BC942}") = "DLLInjectorAsProcess", "DLLInjectorAsProcess\DLLInjectorAsProcess.vcxproj", "{1FAEEBB0-7ABE-4036-BB07-2570E3677EDC}"
EndProject
Project("{8BC9CEB8-8B4A-11D0-8D11-00A0C91BC942}") = "DllInjectorAsDll", "DllInjectorAsDll\DllInjectorAsDll.vcxproj", "{CBCCA0CA-EF8D-4B05-959F-82250CEC00B9}"
EndProject
Global
	GlobalSection(SolutionConfigurationPlatforms) = preSolution
		Debug|x64 = Debug|x64
		Debug|x86 = Debug|x86
		Release|x64 = Release|x64
		Release|x86 = Release|x86
	EndGlobalSection
	GlobalSection(ProjectConfigurationPlatforms) = postSolution
		{CC703651-8D31-40AD-B076-5BB5268D60BE}.Debug|x64.ActiveCfg = Debug|x64
		{CC703651-8D31-40AD-B076-5BB5268D60BE}.Debug|x64.Build.0 = Debug|x64
		{CC703651-8D31-40AD-B076-5BB5268D60BE}.Debug|x86.ActiveCfg = Debug|Win32
		{CC703651-8D31-40AD-B076-5BB5268D60BE}.Debug|x86.Build.0 = Debug|Win32
		{CC703651-8D31-40AD-B076-5BB5268D60BE}.Release|x64.ActiveCfg = Release|x64
		{CC703651-8D31-40AD-B076-5BB5268D60BE}.Release|x64.Build.0 = Release|x64
		{CC703651-8D31-40AD-B076-5BB5268D60BE}.Release|x86.ActiveCfg = Release|Win32
		{CC703651-8D31-40AD-B076-5BB5268D60BE}.Release|x86.Build.0 = Release|Win32
		{E183A09E-9390-4D9E-A5BC-E0BFF9A22A8A}.Debug|x64.ActiveCfg = Debug|x64
		{E183A09E-9390-4D9E-A5BC-E0BFF9A22A8A}.Debug|x64.Build.0 = Debug|x64
		{E183A09E-9390-4D9E-A5BC-E0BFF9A22A8A}.Debug|x86.ActiveCfg = Debug|Win32
		{E183A09E-9390-4D9E-A5BC-E0BFF9A22A8A}.Debug|x86.Build.0 = Debug|Win32
		{E183A09E-9390-4D9E-A5BC-E0BFF9A22A8A}.Release|x64.ActiveCfg = Release|x64
		{E183A09E-9390-4D9E-A5BC-E0BFF9A22A8A}.Release|x64.Build.0 = Release|x64
		{E183A09E-9390-4D9E-A5BC-E0BFF9A22A8A}.Release|x86.ActiveCfg = Release|Win32
		{E183A09E-9390-4D9E-A5BC-E0BFF9A22A8A}.Release|x86.Build.0 = Release|Win32
		{A8570D2B-EEB0-4ECC-945A-64F4CDAD58EB}.Debug|x64.ActiveCfg = Debug|x64
		{A8570D2B-EEB0-4ECC-945A-64F4CDAD58EB}.Debug|x64.Build.0 = Debug|x64
		{A8570D2B-EEB0-4ECC-945A-64F4CDAD58EB}.Debug|x86.ActiveCfg = Debug|Win32
		{A8570D2B-EEB0-4ECC-945A-64F4CDAD58EB}.Debug|x86.Build.0 = Debug|Win32
		{A8570D2B-EEB0-4ECC-945A-64F4CDAD58EB}.Release|x64.ActiveCfg = Release|x64
		{A8570D2B-EEB0-4ECC-945A-64F4CDAD58EB}.Release|x64.Build.0 = Release|x64
		{A8570D2B-EEB0-4ECC-945A-64F4CDAD58EB}.Release|x86.ActiveCfg = Release|Win32
		{A8570D2B-EEB0-4ECC-945A-64F4CDAD58EB}.Release|x86.Build.0 = Release|Win32
		{1FAEEBB0-7ABE-4036-BB07-2570E3677EDC}.Debug|x64.ActiveCfg = Debug|x64
		{1FAEEBB0-7ABE-4036-BB07-2570E3677EDC}.Debug|x64.Build.0 = Debug|x64
		{1FAEEBB0-7ABE-4036-BB07-2570E3677EDC}.Debug|x86.ActiveCfg = Debug|Win32
		{1FAEEBB0-7ABE-4036-BB07-2570E3677EDC}.Debug|x86.Build.0 = Debug|Win32
		{1FAEEBB0-7ABE-4036-BB07-2570E3677EDC}.Release|x64.ActiveCfg = Release|x64
		{1FAEEBB0-7ABE-4036-BB07-2570E3677EDC}.Release|x64.Build.0 = Release|x64
		{1FAEEBB0-7ABE-4036-BB07-2570E3677EDC}.Release|x86.ActiveCfg = Release|Win32
		{1FAEEBB0-7ABE-4036-BB07-2570E3677EDC}.Release|x86.Build.0 = Release|Win32
		{CBCCA0CA-EF8D-4B05-959F-82250CEC00B9}.Debug|x64.ActiveCfg = Debug|x64
		{CBCCA0CA-EF8D-4B05-959F-82250CEC00B9}.Debug|x64.Build.0 = Debug|x64
		{CBCCA0CA-EF8D-4B05-959F-82250CEC00B9}.Debug|x86.ActiveCfg = Debug|Win32
		{CBCCA0CA-EF8D-4B05-959F-82250CEC00B9}.Debug|x86.Build.0 = Debug|Win32
		{CBCCA0CA-EF8D-4B05-959F-82250CEC00B9}.Release|x64.ActiveCfg = Release|x64
		{CBCCA0CA-EF8D-4B05-959F-82250CEC00B9}.Release|x64.Build.0 = Release|x64
		{CBCCA0CA-EF8D-4B05-959F-82250CEC00B9}.Release|x86.ActiveCfg = Release|Win32
		{CBCCA0CA-EF8D-4B05-959F-82250CEC00B9}.Release|x86.Build.0 = Release|Win32
	EndGlobalSection
	GlobalSection(SolutionProperties) = preSolution
		HideSolutionNode = FALSE
	EndGlobalSection
	GlobalSection(ExtensibilityGlobals) = postSolution
		SolutionGuid = {87694BF3-031A-4B7B-9BE9-82E0DB4236E6}
	EndGlobalSection
EndGlobal
