
Microsoft Visual Studio Solution File, Format Version 12.00
# Visual Studio Version 16
VisualStudioVersion = 16.0.33130.400
MinimumVisualStudioVersion = 10.0.40219.1
Project("{8BC9CEB8-8B4A-11D0-8D11-00A0C91BC942}") = "MITMAFHLinkedIn", "MITMAFHLinkedIn.vcxproj", "{CFFBF2F5-68AD-43CF-B54F-63D21700EACB}"
EndProject
Project("{8BC9CEB8-8B4A-11D0-8D11-00A0C91BC942}") = "MITMADHWorkout", "MITMADHWorkout\MITMADHWorkout.vcxproj", "{1877F1B2-887C-4FC3-964B-CC12A54F5DCD}"
EndProject
Project("{8BC9CEB8-8B4A-11D0-8D11-00A0C91BC942}") = "MITMAGMPFindPrimitiveRoot", "MITMAGMPFindPrimitiveRoot\MITMAGMPFindPrimitiveRoot.vcxproj", "{43F6B656-55D7-4851-BD19-E50769579507}"
EndProject
Project("{8BC9CEB8-8B4A-11D0-8D11-00A0C91BC942}") = "MITMAGMPCOMLib", "MITMAGMPCOMLib\MITMAGMPCOMLib.vcxproj", "{2E35A7E4-0EA2-4A87-B0B7-85F3179812AA}"
EndProject
Project("{8BC9CEB8-8B4A-11D0-8D11-00A0C91BC942}") = "MITMACygwinTest", "MITMACygwinTest\MITMACygwinTest.vcxproj", "{DBA5B6D0-E41F-408B-86D8-BCD4C9D5A455}"
EndProject
Project("{8BC9CEB8-8B4A-11D0-8D11-00A0C91BC942}") = "MITMAttack3DES", "MITMAttack3DES\MITMAttack3DES.vcxproj", "{BD3C90E5-1A13-4587-B734-E9C4BA415AF0}"
EndProject
Project("{8BC9CEB8-8B4A-11D0-8D11-00A0C91BC942}") = "VectorSizeTest", "VectorSizeTest\VectorSizeTest.vcxproj", "{3AC01737-50D4-4655-8554-4AC3D16FB2A6}"
EndProject
Project("{8BC9CEB8-8B4A-11D0-8D11-00A0C91BC942}") = "12CharTest", "..\12CharTest\12CharTest.vcxproj", "{B17FB82F-D1C5-4A60-8BA1-73C862B2B802}"
EndProject
Project("{8BC9CEB8-8B4A-11D0-8D11-00A0C91BC942}") = "MD5Collision", "MD5Collision\MD5Collision.vcxproj", "{AA813CFD-A014-4BC3-B02C-52A7DF7AA5F9}"
EndProject
Global
	GlobalSection(SolutionConfigurationPlatforms) = preSolution
		Debug|x64 = Debug|x64
		Debug|x86 = Debug|x86
		Release|x64 = Release|x64
		Release|x86 = Release|x86
	EndGlobalSection
	GlobalSection(ProjectConfigurationPlatforms) = postSolution
		{CFFBF2F5-68AD-43CF-B54F-63D21700EACB}.Debug|x64.ActiveCfg = Debug|x64
		{CFFBF2F5-68AD-43CF-B54F-63D21700EACB}.Debug|x64.Build.0 = Debug|x64
		{CFFBF2F5-68AD-43CF-B54F-63D21700EACB}.Debug|x86.ActiveCfg = Debug|Win32
		{CFFBF2F5-68AD-43CF-B54F-63D21700EACB}.Debug|x86.Build.0 = Debug|Win32
		{CFFBF2F5-68AD-43CF-B54F-63D21700EACB}.Release|x64.ActiveCfg = Release|x64
		{CFFBF2F5-68AD-43CF-B54F-63D21700EACB}.Release|x64.Build.0 = Release|x64
		{CFFBF2F5-68AD-43CF-B54F-63D21700EACB}.Release|x86.ActiveCfg = Release|Win32
		{CFFBF2F5-68AD-43CF-B54F-63D21700EACB}.Release|x86.Build.0 = Release|Win32
		{1877F1B2-887C-4FC3-964B-CC12A54F5DCD}.Debug|x64.ActiveCfg = Debug|x64
		{1877F1B2-887C-4FC3-964B-CC12A54F5DCD}.Debug|x64.Build.0 = Debug|x64
		{1877F1B2-887C-4FC3-964B-CC12A54F5DCD}.Debug|x86.ActiveCfg = Debug|Win32
		{1877F1B2-887C-4FC3-964B-CC12A54F5DCD}.Debug|x86.Build.0 = Debug|Win32
		{1877F1B2-887C-4FC3-964B-CC12A54F5DCD}.Release|x64.ActiveCfg = Release|x64
		{1877F1B2-887C-4FC3-964B-CC12A54F5DCD}.Release|x64.Build.0 = Release|x64
		{1877F1B2-887C-4FC3-964B-CC12A54F5DCD}.Release|x86.ActiveCfg = Release|Win32
		{1877F1B2-887C-4FC3-964B-CC12A54F5DCD}.Release|x86.Build.0 = Release|Win32
		{43F6B656-55D7-4851-BD19-E50769579507}.Debug|x64.ActiveCfg = Debug|x64
		{43F6B656-55D7-4851-BD19-E50769579507}.Debug|x64.Build.0 = Debug|x64
		{43F6B656-55D7-4851-BD19-E50769579507}.Debug|x86.ActiveCfg = Debug|Win32
		{43F6B656-55D7-4851-BD19-E50769579507}.Debug|x86.Build.0 = Debug|Win32
		{43F6B656-55D7-4851-BD19-E50769579507}.Release|x64.ActiveCfg = Release|x64
		{43F6B656-55D7-4851-BD19-E50769579507}.Release|x64.Build.0 = Release|x64
		{43F6B656-55D7-4851-BD19-E50769579507}.Release|x86.ActiveCfg = Release|Win32
		{43F6B656-55D7-4851-BD19-E50769579507}.Release|x86.Build.0 = Release|Win32
		{2E35A7E4-0EA2-4A87-B0B7-85F3179812AA}.Debug|x64.ActiveCfg = Debug|x64
		{2E35A7E4-0EA2-4A87-B0B7-85F3179812AA}.Debug|x64.Build.0 = Debug|x64
		{2E35A7E4-0EA2-4A87-B0B7-85F3179812AA}.Debug|x86.ActiveCfg = Debug|Win32
		{2E35A7E4-0EA2-4A87-B0B7-85F3179812AA}.Debug|x86.Build.0 = Debug|Win32
		{2E35A7E4-0EA2-4A87-B0B7-85F3179812AA}.Release|x64.ActiveCfg = Release|x64
		{2E35A7E4-0EA2-4A87-B0B7-85F3179812AA}.Release|x64.Build.0 = Release|x64
		{2E35A7E4-0EA2-4A87-B0B7-85F3179812AA}.Release|x86.ActiveCfg = Release|Win32
		{2E35A7E4-0EA2-4A87-B0B7-85F3179812AA}.Release|x86.Build.0 = Release|Win32
		{DBA5B6D0-E41F-408B-86D8-BCD4C9D5A455}.Debug|x64.ActiveCfg = Debug|x64
		{DBA5B6D0-E41F-408B-86D8-BCD4C9D5A455}.Debug|x64.Build.0 = Debug|x64
		{DBA5B6D0-E41F-408B-86D8-BCD4C9D5A455}.Debug|x86.ActiveCfg = Debug|Win32
		{DBA5B6D0-E41F-408B-86D8-BCD4C9D5A455}.Debug|x86.Build.0 = Debug|Win32
		{DBA5B6D0-E41F-408B-86D8-BCD4C9D5A455}.Release|x64.ActiveCfg = Release|x64
		{DBA5B6D0-E41F-408B-86D8-BCD4C9D5A455}.Release|x64.Build.0 = Release|x64
		{DBA5B6D0-E41F-408B-86D8-BCD4C9D5A455}.Release|x86.ActiveCfg = Release|Win32
		{DBA5B6D0-E41F-408B-86D8-BCD4C9D5A455}.Release|x86.Build.0 = Release|Win32
		{BD3C90E5-1A13-4587-B734-E9C4BA415AF0}.Debug|x64.ActiveCfg = Debug|x64
		{BD3C90E5-1A13-4587-B734-E9C4BA415AF0}.Debug|x64.Build.0 = Debug|x64
		{BD3C90E5-1A13-4587-B734-E9C4BA415AF0}.Debug|x86.ActiveCfg = Debug|Win32
		{BD3C90E5-1A13-4587-B734-E9C4BA415AF0}.Debug|x86.Build.0 = Debug|Win32
		{BD3C90E5-1A13-4587-B734-E9C4BA415AF0}.Release|x64.ActiveCfg = Release|x64
		{BD3C90E5-1A13-4587-B734-E9C4BA415AF0}.Release|x64.Build.0 = Release|x64
		{BD3C90E5-1A13-4587-B734-E9C4BA415AF0}.Release|x86.ActiveCfg = Release|Win32
		{BD3C90E5-1A13-4587-B734-E9C4BA415AF0}.Release|x86.Build.0 = Release|Win32
		{3AC01737-50D4-4655-8554-4AC3D16FB2A6}.Debug|x64.ActiveCfg = Debug|x64
		{3AC01737-50D4-4655-8554-4AC3D16FB2A6}.Debug|x64.Build.0 = Debug|x64
		{3AC01737-50D4-4655-8554-4AC3D16FB2A6}.Debug|x86.ActiveCfg = Debug|Win32
		{3AC01737-50D4-4655-8554-4AC3D16FB2A6}.Debug|x86.Build.0 = Debug|Win32
		{3AC01737-50D4-4655-8554-4AC3D16FB2A6}.Release|x64.ActiveCfg = Release|x64
		{3AC01737-50D4-4655-8554-4AC3D16FB2A6}.Release|x64.Build.0 = Release|x64
		{3AC01737-50D4-4655-8554-4AC3D16FB2A6}.Release|x86.ActiveCfg = Release|Win32
		{3AC01737-50D4-4655-8554-4AC3D16FB2A6}.Release|x86.Build.0 = Release|Win32
		{B17FB82F-D1C5-4A60-8BA1-73C862B2B802}.Debug|x64.ActiveCfg = Debug|x64
		{B17FB82F-D1C5-4A60-8BA1-73C862B2B802}.Debug|x64.Build.0 = Debug|x64
		{B17FB82F-D1C5-4A60-8BA1-73C862B2B802}.Debug|x86.ActiveCfg = Debug|Win32
		{B17FB82F-D1C5-4A60-8BA1-73C862B2B802}.Debug|x86.Build.0 = Debug|Win32
		{B17FB82F-D1C5-4A60-8BA1-73C862B2B802}.Release|x64.ActiveCfg = Release|x64
		{B17FB82F-D1C5-4A60-8BA1-73C862B2B802}.Release|x64.Build.0 = Release|x64
		{B17FB82F-D1C5-4A60-8BA1-73C862B2B802}.Release|x86.ActiveCfg = Release|Win32
		{B17FB82F-D1C5-4A60-8BA1-73C862B2B802}.Release|x86.Build.0 = Release|Win32
		{AA813CFD-A014-4BC3-B02C-52A7DF7AA5F9}.Debug|x64.ActiveCfg = Debug|x64
		{AA813CFD-A014-4BC3-B02C-52A7DF7AA5F9}.Debug|x64.Build.0 = Debug|x64
		{AA813CFD-A014-4BC3-B02C-52A7DF7AA5F9}.Debug|x86.ActiveCfg = Debug|Win32
		{AA813CFD-A014-4BC3-B02C-52A7DF7AA5F9}.Debug|x86.Build.0 = Debug|Win32
		{AA813CFD-A014-4BC3-B02C-52A7DF7AA5F9}.Release|x64.ActiveCfg = Release|x64
		{AA813CFD-A014-4BC3-B02C-52A7DF7AA5F9}.Release|x64.Build.0 = Release|x64
		{AA813CFD-A014-4BC3-B02C-52A7DF7AA5F9}.Release|x86.ActiveCfg = Release|Win32
		{AA813CFD-A014-4BC3-B02C-52A7DF7AA5F9}.Release|x86.Build.0 = Release|Win32
	EndGlobalSection
	GlobalSection(SolutionProperties) = preSolution
		HideSolutionNode = FALSE
	EndGlobalSection
	GlobalSection(ExtensibilityGlobals) = postSolution
		SolutionGuid = {BFC2A1FD-77D1-41D4-987A-63E58E5E5C58}
	EndGlobalSection
EndGlobal
